// !$*UTF8*$!
{
	archiveVersion = 1;
	classes = {
	};
	objectVersion = 52;
	objects = {

/* Begin PBXBuildFile section */
		969B8AA826DDE8BB00CCEC2A /* GraduatedSlider in Frameworks */ = {isa = PBXBuildFile; productRef = 969B8AA726DDE8BB00CCEC2A /* GraduatedSlider */; };
		96F576D826DCE0A5002C04F4 /* AppDelegate.swift in Sources */ = {isa = PBXBuildFile; fileRef = 96F576D726DCE0A5002C04F4 /* AppDelegate.swift */; };
		96F576DA26DCE0A5002C04F4 /* SceneDelegate.swift in Sources */ = {isa = PBXBuildFile; fileRef = 96F576D926DCE0A5002C04F4 /* SceneDelegate.swift */; };
		96F576DC26DCE0A5002C04F4 /* ViewController.swift in Sources */ = {isa = PBXBuildFile; fileRef = 96F576DB26DCE0A5002C04F4 /* ViewController.swift */; };
		96F576DF26DCE0A5002C04F4 /* Main.storyboard in Resources */ = {isa = PBXBuildFile; fileRef = 96F576DD26DCE0A5002C04F4 /* Main.storyboard */; };
		96F576E126DCE0A6002C04F4 /* Assets.xcassets in Resources */ = {isa = PBXBuildFile; fileRef = 96F576E026DCE0A6002C04F4 /* Assets.xcassets */; };
		96F576E426DCE0A6002C04F4 /* LaunchScreen.storyboard in Resources */ = {isa = PBXBuildFile; fileRef = 96F576E226DCE0A6002C04F4 /* LaunchScreen.storyboard */; };
/* End PBXBuildFile section */

/* Begin PBXFileReference section */
		96F576D426DCE0A5002C04F4 /* GraduatedSliderExample.app */ = {isa = PBXFileReference; explicitFileType = wrapper.application; includeInIndex = 0; path = GraduatedSliderExample.app; sourceTree = BUILT_PRODUCTS_DIR; };
		96F576D726DCE0A5002C04F4 /* AppDelegate.swift */ = {isa = PBXFileReference; lastKnownFileType = sourcecode.swift; path = AppDelegate.swift; sourceTree = "<group>"; };
		96F576D926DCE0A5002C04F4 /* SceneDelegate.swift */ = {isa = PBXFileReference; lastKnownFileType = sourcecode.swift; path = SceneDelegate.swift; sourceTree = "<group>"; };
		96F576DB26DCE0A5002C04F4 /* ViewController.swift */ = {isa = PBXFileReference; lastKnownFileType = sourcecode.swift; path = ViewController.swift; sourceTree = "<group>"; };
		96F576DE26DCE0A5002C04F4 /* Base */ = {isa = PBXFileReference; lastKnownFileType = file.storyboard; name = Base; path = Base.lproj/Main.storyboard; sourceTree = "<group>"; };
		96F576E026DCE0A6002C04F4 /* Assets.xcassets */ = {isa = PBXFileReference; lastKnownFileType = folder.assetcatalog; path = Assets.xcassets; sourceTree = "<group>"; };
		96F576E326DCE0A6002C04F4 /* Base */ = {isa = PBXFileReference; lastKnownFileType = file.storyboard; name = Base; path = Base.lproj/LaunchScreen.storyboard; sourceTree = "<group>"; };
		96F576E526DCE0A6002C04F4 /* Info.plist */ = {isa = PBXFileReference; lastKnownFileType = text.plist.xml; path = Info.plist; sourceTree = "<group>"; };
/* End PBXFileReference section */

/* Begin PBXFrameworksBuildPhase section */
		96F576D126DCE0A5002C04F4 /* Frameworks */ = {
			isa = PBXFrameworksBuildPhase;
			buildActionMask = 2147483647;
			files = (
				969B8AA826DDE8BB00CCEC2A /* GraduatedSlider in Frameworks */,
			);
			runOnlyForDeploymentPostprocessing = 0;
		};
/* End PBXFrameworksBuildPhase section */

/* Begin PBXGroup section */
		96F576CB26DCE0A5002C04F4 = {
			isa = PBXGroup;
			children = (
				96F576D626DCE0A5002C04F4 /* GraduatedSliderExample */,
				96F576D526DCE0A5002C04F4 /* Products */,
			);
			sourceTree = "<group>";
		};
		96F576D526DCE0A5002C04F4 /* Products */ = {
			isa = PBXGroup;
			children = (
				96F576D426DCE0A5002C04F4 /* GraduatedSliderExample.app */,
			);
			name = Products;
			sourceTree = "<group>";
		};
		96F576D626DCE0A5002C04F4 /* GraduatedSliderExample */ = {
			isa = PBXGroup;
			children = (
				96F576D726DCE0A5002C04F4 /* AppDelegate.swift */,
				96F576D926DCE0A5002C04F4 /* SceneDelegate.swift */,
				96F576DB26DCE0A5002C04F4 /* ViewController.swift */,
				96F576DD26DCE0A5002C04F4 /* Main.storyboard */,
				96F576E026DCE0A6002C04F4 /* Assets.xcassets */,
				96F576E226DCE0A6002C04F4 /* LaunchScreen.storyboard */,
				96F576E526DCE0A6002C04F4 /* Info.plist */,
			);
			path = GraduatedSliderExample;
			sourceTree = "<group>";
		};
/* End PBXGroup section */

/* Begin PBXNativeTarget section */
		96F576D326DCE0A5002C04F4 /* GraduatedSliderExample */ = {
			isa = PBXNativeTarget;
			buildConfigurationList = 96F576E826DCE0A6002C04F4 /* Build configuration list for PBXNativeTarget "GraduatedSliderExample" */;
			buildPhases = (
				96F576D026DCE0A5002C04F4 /* Sources */,
				96F576D126DCE0A5002C04F4 /* Frameworks */,
				96F576D226DCE0A5002C04F4 /* Resources */,
			);
			buildRules = (
			);
			dependencies = (
			);
			name = GraduatedSliderExample;
			packageProductDependencies = (
				969B8AA726DDE8BB00CCEC2A /* GraduatedSlider */,
			);
			productName = GraduatedSliderExample;
			productReference = 96F576D426DCE0A5002C04F4 /* GraduatedSliderExample.app */;
			productType = "com.apple.product-type.application";
		};
/* End PBXNativeTarget section */

/* Begin PBXProject section */
		96F576CC26DCE0A5002C04F4 /* Project object */ = {
			isa = PBXProject;
			attributes = {
				LastSwiftUpdateCheck = 1250;
				LastUpgradeCheck = 1250;
				TargetAttributes = {
					96F576D326DCE0A5002C04F4 = {
						CreatedOnToolsVersion = 12.5.1;
					};
				};
			};
			buildConfigurationList = 96F576CF26DCE0A5002C04F4 /* Build configuration list for PBXProject "GraduatedSliderExample" */;
			compatibilityVersion = "Xcode 9.3";
			developmentRegion = en;
			hasScannedForEncodings = 0;
			knownRegions = (
				en,
				Base,
			);
			mainGroup = 96F576CB26DCE0A5002C04F4;
			packageReferences = (
				969B8AA626DDE8BB00CCEC2A /* XCRemoteSwiftPackageReference "GraduatedSlider" */,
			);
			productRefGroup = 96F576D526DCE0A5002C04F4 /* Products */;
			projectDirPath = "";
			projectRoot = "";
			targets = (
				96F576D326DCE0A5002C04F4 /* GraduatedSliderExample */,
			);
		};
/* End PBXProject section */

/* Begin PBXResourcesBuildPhase section */
		96F576D226DCE0A5002C04F4 /* Resources */ = {
			isa = PBXResourcesBuildPhase;
			buildActionMask = 2147483647;
			files = (
				96F576E426DCE0A6002C04F4 /* LaunchScreen.storyboard in Resources */,
				96F576E126DCE0A6002C04F4 /* Assets.xcassets in Resources */,
				96F576DF26DCE0A5002C04F4 /* Main.storyboard in Resources */,
			);
			runOnlyForDeploymentPostprocessing = 0;
		};
/* End PBXResourcesBuildPhase section */

/* Begin PBXSourcesBuildPhase section */
		96F576D026DCE0A5002C04F4 /* Sources */ = {
			isa = PBXSourcesBuildPhase;
			buildActionMask = 2147483647;
			files = (
				96F576DC26DCE0A5002C04F4 /* ViewController.swift in Sources */,
				96F576D826DCE0A5002C04F4 /* AppDelegate.swift in Sources */,
				96F576DA26DCE0A5002C04F4 /* SceneDelegate.swift in Sources */,
			);
			runOnlyForDeploymentPostprocessing = 0;
		};
/* End PBXSourcesBuildPhase section */

/* Begin PBXVariantGroup section */
		96F576DD26DCE0A5002C04F4 /* Main.storyboard */ = {
			isa = PBXVariantGroup;
			children = (
				96F576DE26DCE0A5002C04F4 /* Base */,
			);
			name = Main.storyboard;
			sourceTree = "<group>";
		};
		96F576E226DCE0A6002C04F4 /* LaunchScreen.storyboard */ = {
			isa = PBXVariantGroup;
			children = (
				96F576E326DCE0A6002C04F4 /* Base */,
			);
			name = LaunchScreen.storyboard;
			sourceTree = "<group>";
		};
/* End PBXVariantGroup section */

/* Begin XCBuildConfiguration section */
		96F576E626DCE0A6002C04F4 /* Debug */ = {
			isa = XCBuildConfiguration;
			buildSettings = {
				ALWAYS_SEARCH_USER_PATHS = NO;
				CLANG_ANALYZER_NONNULL = YES;
				CLANG_ANALYZER_NUMBER_OBJECT_CONVERSION = YES_AGGRESSIVE;
				CLANG_CXX_LANGUAGE_STANDARD = "gnu++14";
				CLANG_CXX_LIBRARY = "libc++";
				CLANG_ENABLE_MODULES = YES;
				CLANG_ENABLE_OBJC_ARC = YES;
				CLANG_ENABLE_OBJC_WEAK = YES;
				CLANG_WARN_BLOCK_CAPTURE_AUTORELEASING = YES;
				CLANG_WARN_BOOL_CONVERSION = YES;
				CLANG_WARN_COMMA = YES;
				CLANG_WARN_CONSTANT_CONVERSION = YES;
				CLANG_WARN_DEPRECATED_OBJC_IMPLEMENTATIONS = YES;
				CLANG_WARN_DIRECT_OBJC_ISA_USAGE = YES_ERROR;
				CLANG_WARN_DOCUMENTATION_COMMENTS = YES;
				CLANG_WARN_EMPTY_BODY = YES;
				CLANG_WARN_ENUM_CONVERSION = YES;
				CLANG_WARN_INFINITE_RECURSION = YES;
				CLANG_WARN_INT_CONVERSION = YES;
				CLANG_WARN_NON_LITERAL_NULL_CONVERSION = YES;
				CLANG_WARN_OBJC_IMPLICIT_RETAIN_SELF = YES;
				CLANG_WARN_OBJC_LITERAL_CONVERSION = YES;
				CLANG_WARN_OBJC_ROOT_CLASS = YES_ERROR;
				CLANG_WARN_QUOTED_INCLUDE_IN_FRAMEWORK_HEADER = YES;
				CLANG_WARN_RANGE_LOOP_ANALYSIS = YES;
				CLANG_WARN_STRICT_PROTOTYPES = YES;
				CLANG_WARN_SUSPICIOUS_MOVE = YES;
				CLANG_WARN_UNGUARDED_AVAILABILITY = YES_AGGRESSIVE;
				CLANG_WARN_UNREACHABLE_CODE = YES;
				CLANG_WARN__DUPLICATE_METHOD_MATCH = YES;
				COPY_PHASE_STRIP = NO;
				DEBUG_INFORMATION_FORMAT = dwarf;
				ENABLE_STRICT_OBJC_MSGSEND = YES;
				ENABLE_TESTABILITY = YES;
				GCC_C_LANGUAGE_STANDARD = gnu11;
				GCC_DYNAMIC_NO_PIC = NO;
				GCC_NO_COMMON_BLOCKS = YES;
				GCC_OPTIMIZATION_LEVEL = 0;
				GCC_PREPROCESSOR_DEFINITIONS = (
					"DEBUG=1",
					"$(inherited)",
				);
				GCC_WARN_64_TO_32_BIT_CONVERSION = YES;
				GCC_WARN_ABOUT_RETURN_TYPE = YES_ERROR;
				GCC_WARN_UNDECLARED_SELECTOR = YES;
				GCC_WARN_UNINITIALIZED_AUTOS = YES_AGGRESSIVE;
				GCC_WARN_UNUSED_FUNCTION = YES;
				GCC_WARN_UNUSED_VARIABLE = YES;
				IPHONEOS_DEPLOYMENT_TARGET = 13.0;
				MTL_ENABLE_DEBUG_INFO = INCLUDE_SOURCE;
				MTL_FAST_MATH = YES;
				ONLY_ACTIVE_ARCH = YES;
				SDKROOT = iphoneos;
				SWIFT_ACTIVE_COMPILATION_CONDITIONS = DEBUG;
				SWIFT_OPTIMIZATION_LEVEL = "-Onone";
			};
			name = Debug;
		};
		96F576E726DCE0A6002C04F4 /* Release */ = {
			isa = XCBuildConfiguration;
			buildSettings = {
				ALWAYS_SEARCH_USER_PATHS = NO;
				CLANG_ANALYZER_NONNULL = YES;
				CLANG_ANALYZER_NUMBER_OBJECT_CONVERSION = YES_AGGRESSIVE;
				CLANG_CXX_LANGUAGE_STANDARD = "gnu++14";
				CLANG_CXX_LIBRARY = "libc++";
				CLANG_ENABLE_MODULES = YES;
				CLANG_ENABLE_OBJC_ARC = YES;
				CLANG_ENABLE_OBJC_WEAK = YES;
				CLANG_WARN_BLOCK_CAPTURE_AUTORELEASING = YES;
				CLANG_WARN_BOOL_CONVERSION = YES;
				CLANG_WARN_COMMA = YES;
				CLANG_WARN_CONSTANT_CONVERSION = YES;
				CLANG_WARN_DEPRECATED_OBJC_IMPLEMENTATIONS = YES;
				CLANG_WARN_DIRECT_OBJC_ISA_USAGE = YES_ERROR;
				CLANG_WARN_DOCUMENTATION_COMMENTS = YES;
				CLANG_WARN_EMPTY_BODY = YES;
				CLANG_WARN_ENUM_CONVERSION = YES;
				CLANG_WARN_INFINITE_RECURSION = YES;
				CLANG_WARN_INT_CONVERSION = YES;
				CLANG_WARN_NON_LITERAL_NULL_CONVERSION = YES;
				CLANG_WARN_OBJC_IMPLICIT_RETAIN_SELF = YES;
				CLANG_WARN_OBJC_LITERAL_CONVERSION = YES;
				CLANG_WARN_OBJC_ROOT_CLASS = YES_ERROR;
				CLANG_WARN_QUOTED_INCLUDE_IN_FRAMEWORK_HEADER = YES;
				CLANG_WARN_RANGE_LOOP_ANALYSIS = YES;
				CLANG_WARN_STRICT_PROTOTYPES = YES;
				CLANG_WARN_SUSPICIOUS_MOVE = YES;
				CLANG_WARN_UNGUARDED_AVAILABILITY = YES_AGGRESSIVE;
				CLANG_WARN_UNREACHABLE_CODE = YES;
				CLANG_WARN__DUPLICATE_METHOD_MATCH = YES;
				COPY_PHASE_STRIP = NO;
				DEBUG_INFORMATION_FORMAT = "dwarf-with-dsym";
				ENABLE_NS_ASSERTIONS = NO;
				ENABLE_STRICT_OBJC_MSGSEND = YES;
				GCC_C_LANGUAGE_STANDARD = gnu11;
				GCC_NO_COMMON_BLOCKS = YES;
				GCC_WARN_64_TO_32_BIT_CONVERSION = YES;
				GCC_WARN_ABOUT_RETURN_TYPE = YES_ERROR;
				GCC_WARN_UNDECLARED_SELECTOR = YES;
				GCC_WARN_UNINITIALIZED_AUTOS = YES_AGGRESSIVE;
				GCC_WARN_UNUSED_FUNCTION = YES;
				GCC_WARN_UNUSED_VARIABLE = YES;
				IPHONEOS_DEPLOYMENT_TARGET = 13.0;
				MTL_ENABLE_DEBUG_INFO = NO;
				MTL_FAST_MATH = YES;
				SDKROOT = iphoneos;
				SWIFT_COMPILATION_MODE = wholemodule;
				SWIFT_OPTIMIZATION_LEVEL = "-O";
				VALIDATE_PRODUCT = YES;
			};
			name = Release;
		};
		96F576E926DCE0A6002C04F4 /* Debug */ = {
			isa = XCBuildConfiguration;
			buildSettings = {
				ASSETCATALOG_COMPILER_APPICON_NAME = AppIcon;
				ASSETCATALOG_COMPILER_GLOBAL_ACCENT_COLOR_NAME = AccentColor;
				CODE_SIGN_STYLE = Automatic;
				DEVELOPMENT_TEAM = CZS2JVHLDS;
				INFOPLIST_FILE = GraduatedSliderExample/Info.plist;
				LD_RUNPATH_SEARCH_PATHS = (
					"$(inherited)",
					"@executable_path/Frameworks",
				);
				PRODUCT_BUNDLE_IDENTIFIER = com.sgasoftware.GraduatedSliderExample;
				PRODUCT_NAME = "$(TARGET_NAME)";
				SWIFT_VERSION = 5.0;
				TARGETED_DEVICE_FAMILY = "1,2";
			};
			name = Debug;
		};
		96F576EA26DCE0A6002C04F4 /* Release */ = {
			isa = XCBuildConfiguration;
			buildSettings = {
				ASSETCATALOG_COMPILER_APPICON_NAME = AppIcon;
				ASSETCATALOG_COMPILER_GLOBAL_ACCENT_COLOR_NAME = AccentColor;
				CODE_SIGN_STYLE = Automatic;
				DEVELOPMENT_TEAM = CZS2JVHLDS;
				INFOPLIST_FILE = GraduatedSliderExample/Info.plist;
				LD_RUNPATH_SEARCH_PATHS = (
					"$(inherited)",
					"@executable_path/Frameworks",
				);
				PRODUCT_BUNDLE_IDENTIFIER = com.sgasoftware.GraduatedSliderExample;
				PRODUCT_NAME = "$(TARGET_NAME)";
				SWIFT_VERSION = 5.0;
				TARGETED_DEVICE_FAMILY = "1,2";
			};
			name = Release;
		};
/* End XCBuildConfiguration section */

/* Begin XCConfigurationList section */
		96F576CF26DCE0A5002C04F4 /* Build configuration list for PBXProject "GraduatedSliderExample" */ = {
			isa = XCConfigurationList;
			buildConfigurations = (
				96F576E626DCE0A6002C04F4 /* Debug */,
				96F576E726DCE0A6002C04F4 /* Release */,
			);
			defaultConfigurationIsVisible = 0;
			defaultConfigurationName = Release;
		};
		96F576E826DCE0A6002C04F4 /* Build configuration list for PBXNativeTarget "GraduatedSliderExample" */ = {
			isa = XCConfigurationList;
			buildConfigurations = (
				96F576E926DCE0A6002C04F4 /* Debug */,
				96F576EA26DCE0A6002C04F4 /* Release */,
			);
			defaultConfigurationIsVisible = 0;
			defaultConfigurationName = Release;
		};
/* End XCConfigurationList section */

/* Begin XCRemoteSwiftPackageReference section */
		969B8AA626DDE8BB00CCEC2A /* XCRemoteSwiftPackageReference "GraduatedSlider" */ = {
			isa = XCRemoteSwiftPackageReference;
			repositoryURL = "https://github.com/sardon/GraduatedSlider";
			requirement = {
				branch = main;
				kind = branch;
			};
		};
/* End XCRemoteSwiftPackageReference section */

/* Begin XCSwiftPackageProductDependency section */
		969B8AA726DDE8BB00CCEC2A /* GraduatedSlider */ = {
			isa = XCSwiftPackageProductDependency;
			package = 969B8AA626DDE8BB00CCEC2A /* XCRemoteSwiftPackageReference "GraduatedSlider" */;
			productName = GraduatedSlider;
		};
/* End XCSwiftPackageProductDependency section */
	};
	rootObject = 96F576CC26DCE0A5002C04F4 /* Project object */;
}
